
Microsoft Visual Studio Solution File, Format Version 12.00
# Visual Studio 14
VisualStudioVersion = 14.0.25420.1
MinimumVisualStudioVersion = 10.0.40219.1
Project("{FAE04EC0-301F-11D3-BF4B-00C04F79EFBC}") = "DatabaseStorage", "DatabaseStorage\DatabaseStorage.csproj", "{F064E36F-7D93-4D78-A922-322D977F785B}"
EndProject
Project("{FAE04EC0-301F-11D3-BF4B-00C04F79EFBC}") = "Repositories", "Repositories\Repositories.csproj", "{0C129BF7-13B4-4D2A-BDDC-900A5BADBFD3}"
EndProject
Project("{FAE04EC0-301F-11D3-BF4B-00C04F79EFBC}") = "Managers", "Managers\Managers.csproj", "{47FAB585-786C-41D1-980D-FC7DDB395400}"
EndProject
Project("{FAE04EC0-301F-11D3-BF4B-00C04F79EFBC}") = "ProjectsSystemApi", "ProjectsSystemApi\ProjectsSystemApi.csproj", "{3AD3910B-92D1-4944-BF33-5107F5A91F14}"
EndProject
Project("{FAE04EC0-301F-11D3-BF4B-00C04F79EFBC}") = "ReactApp", "ReactApp\ReactApp.csproj", "{C8D2646B-44F0-4B7D-8C36-2D3C977E820C}"
EndProject
Project("{FAE04EC0-301F-11D3-BF4B-00C04F79EFBC}") = "InjectionsContainer", "InjectionsContainer\InjectionsContainer.csproj", "{C47C9417-3E16-4A3E-AC26-057CF25D208B}"
EndProject
Global
	GlobalSection(SolutionConfigurationPlatforms) = preSolution
		Debug|Any CPU = Debug|Any CPU
		Release|Any CPU = Release|Any CPU
	EndGlobalSection
	GlobalSection(ProjectConfigurationPlatforms) = postSolution
		{F064E36F-7D93-4D78-A922-322D977F785B}.Debug|Any CPU.ActiveCfg = Debug|Any CPU
		{F064E36F-7D93-4D78-A922-322D977F785B}.Debug|Any CPU.Build.0 = Debug|Any CPU
		{F064E36F-7D93-4D78-A922-322D977F785B}.Release|Any CPU.ActiveCfg = Release|Any CPU
		{F064E36F-7D93-4D78-A922-322D977F785B}.Release|Any CPU.Build.0 = Release|Any CPU
		{0C129BF7-13B4-4D2A-BDDC-900A5BADBFD3}.Debug|Any CPU.ActiveCfg = Debug|Any CPU
		{0C129BF7-13B4-4D2A-BDDC-900A5BADBFD3}.Debug|Any CPU.Build.0 = Debug|Any CPU
		{0C129BF7-13B4-4D2A-BDDC-900A5BADBFD3}.Release|Any CPU.ActiveCfg = Release|Any CPU
		{0C129BF7-13B4-4D2A-BDDC-900A5BADBFD3}.Release|Any CPU.Build.0 = Release|Any CPU
		{47FAB585-786C-41D1-980D-FC7DDB395400}.Debug|Any CPU.ActiveCfg = Debug|Any CPU
		{47FAB585-786C-41D1-980D-FC7DDB395400}.Debug|Any CPU.Build.0 = Debug|Any CPU
		{47FAB585-786C-41D1-980D-FC7DDB395400}.Release|Any CPU.ActiveCfg = Release|Any CPU
		{47FAB585-786C-41D1-980D-FC7DDB395400}.Release|Any CPU.Build.0 = Release|Any CPU
		{3AD3910B-92D1-4944-BF33-5107F5A91F14}.Debug|Any CPU.ActiveCfg = Debug|Any CPU
		{3AD3910B-92D1-4944-BF33-5107F5A91F14}.Debug|Any CPU.Build.0 = Debug|Any CPU
		{3AD3910B-92D1-4944-BF33-5107F5A91F14}.Release|Any CPU.ActiveCfg = Release|Any CPU
		{3AD3910B-92D1-4944-BF33-5107F5A91F14}.Release|Any CPU.Build.0 = Release|Any CPU
		{C8D2646B-44F0-4B7D-8C36-2D3C977E820C}.Debug|Any CPU.ActiveCfg = Debug|Any CPU
		{C8D2646B-44F0-4B7D-8C36-2D3C977E820C}.Debug|Any CPU.Build.0 = Debug|Any CPU
		{C8D2646B-44F0-4B7D-8C36-2D3C977E820C}.Release|Any CPU.ActiveCfg = Release|Any CPU
		{C8D2646B-44F0-4B7D-8C36-2D3C977E820C}.Release|Any CPU.Build.0 = Release|Any CPU
		{C47C9417-3E16-4A3E-AC26-057CF25D208B}.Debug|Any CPU.ActiveCfg = Debug|Any CPU
		{C47C9417-3E16-4A3E-AC26-057CF25D208B}.Debug|Any CPU.Build.0 = Debug|Any CPU
		{C47C9417-3E16-4A3E-AC26-057CF25D208B}.Release|Any CPU.ActiveCfg = Release|Any CPU
		{C47C9417-3E16-4A3E-AC26-057CF25D208B}.Release|Any CPU.Build.0 = Release|Any CPU
	EndGlobalSection
	GlobalSection(SolutionProperties) = preSolution
		HideSolutionNode = FALSE
	EndGlobalSection
EndGlobal
